
Microsoft Visual Studio Solution File, Format Version 12.00
# Visual Studio Version 17
VisualStudioVersion = 17.12.35707.178
MinimumVisualStudioVersion = 10.0.40219.1
Project("{FAE04EC0-301F-11D3-BF4B-00C04F79EFBC}") = "AM.UI.Console", "AM.UI.Console\AM.UI.Console.csproj", "{07BA1B97-3497-431E-993B-8644C1AD68EA}"
EndProject
Project("{FAE04EC0-301F-11D3-BF4B-00C04F79EFBC}") = "AM.Core.Domain", "AM.Core.Domain\AM.Core.Domain.csproj", "{B0766EE1-345D-4565-86C1-563E76C7DC59}"
EndProject
Project("{FAE04EC0-301F-11D3-BF4B-00C04F79EFBC}") = "AM.Core.Services", "AM.Core.Services\AM.Core.Services.csproj", "{6E5479E4-318F-4E0A-BA31-E713AFF7BC6F}"
EndProject
Project("{FAE04EC0-301F-11D3-BF4B-00C04F79EFBC}") = "AM.Data", "AM.Data\AM.Data.csproj", "{F4186292-2C83-4B98-86B8-3AA4B7688AA1}"
EndProject
Global
	GlobalSection(SolutionConfigurationPlatforms) = preSolution
		Debug|Any CPU = Debug|Any CPU
		Release|Any CPU = Release|Any CPU
	EndGlobalSection
	GlobalSection(ProjectConfigurationPlatforms) = postSolution
		{07BA1B97-3497-431E-993B-8644C1AD68EA}.Debug|Any CPU.ActiveCfg = Debug|Any CPU
		{07BA1B97-3497-431E-993B-8644C1AD68EA}.Debug|Any CPU.Build.0 = Debug|Any CPU
		{07BA1B97-3497-431E-993B-8644C1AD68EA}.Release|Any CPU.ActiveCfg = Release|Any CPU
		{07BA1B97-3497-431E-993B-8644C1AD68EA}.Release|Any CPU.Build.0 = Release|Any CPU
		{B0766EE1-345D-4565-86C1-563E76C7DC59}.Debug|Any CPU.ActiveCfg = Debug|Any CPU
		{B0766EE1-345D-4565-86C1-563E76C7DC59}.Debug|Any CPU.Build.0 = Debug|Any CPU
		{B0766EE1-345D-4565-86C1-563E76C7DC59}.Release|Any CPU.ActiveCfg = Release|Any CPU
		{B0766EE1-345D-4565-86C1-563E76C7DC59}.Release|Any CPU.Build.0 = Release|Any CPU
		{6E5479E4-318F-4E0A-BA31-E713AFF7BC6F}.Debug|Any CPU.ActiveCfg = Debug|Any CPU
		{6E5479E4-318F-4E0A-BA31-E713AFF7BC6F}.Debug|Any CPU.Build.0 = Debug|Any CPU
		{6E5479E4-318F-4E0A-BA31-E713AFF7BC6F}.Release|Any CPU.ActiveCfg = Release|Any CPU
		{6E5479E4-318F-4E0A-BA31-E713AFF7BC6F}.Release|Any CPU.Build.0 = Release|Any CPU
		{F4186292-2C83-4B98-86B8-3AA4B7688AA1}.Debug|Any CPU.ActiveCfg = Debug|Any CPU
		{F4186292-2C83-4B98-86B8-3AA4B7688AA1}.Debug|Any CPU.Build.0 = Debug|Any CPU
		{F4186292-2C83-4B98-86B8-3AA4B7688AA1}.Release|Any CPU.ActiveCfg = Release|Any CPU
		{F4186292-2C83-4B98-86B8-3AA4B7688AA1}.Release|Any CPU.Build.0 = Release|Any CPU
	EndGlobalSection
	GlobalSection(SolutionProperties) = preSolution
		HideSolutionNode = FALSE
	EndGlobalSection
EndGlobal
